<?xml version="1.0" encoding="utf-8"?>
<Project ToolsVersion="4.0" xmlns="http://schemas.microsoft.com/developer/msbuild/2003">
  <ItemGroup>
    <Filter Include="源文件">
      <UniqueIdentifier>{4FC737F1-C7A5-4376-A066-2A32D752A2FF}</UniqueIdentifier>
      <Extensions>cpp;c;cc;cxx;c++;cppm;ixx;def;odl;idl;hpj;bat;asm;asmx</Extensions>
    </Filter>
    <Filter Include="头文件">
      <UniqueIdentifier>{93995380-89BD-4b04-88EB-625FBE52EBFB}</UniqueIdentifier>
      <Extensions>h;hh;hpp;hxx;h++;hm;inl;inc;ipp;xsd</Extensions>
    </Filter>
    <Filter Include="资源文件">
      <UniqueIdentifier>{67DA6AB6-F800-4c08-8B7A-83BB121AAD01}</UniqueIdentifier>
      <Extensions>rc;ico;cur;bmp;dlg;rc2;rct;bin;rgs;gif;jpg;jpeg;jpe;resx;tiff;tif;png;wav;mfcribbon-ms</Extensions>
    </Filter>
    <Filter Include="示例">
      <UniqueIdentifier>{E607E3A6-33E3-4A59-9854-A916237F7058}</UniqueIdentifier>
      <Extensions>c;h</Extensions>
    </Filter>
  </ItemGroup>
  <ItemGroup>
    <ClCompile Include="demo\main.c">
      <Filter>源文件</Filter>
    </ClCompile>
    <ClCompile Include="src\lks_alloc.c">
      <Filter>源文件</Filter>
    </ClCompile>
    <ClCompile Include="src\lks_base.c">
      <Filter>源文件</Filter>
    </ClCompile>
    <ClCompile Include="src\path.c">
      <Filter>源文件</Filter>
    </ClCompile>
    <ClCompile Include="src\path_text.c">
      <Filter>源文件</Filter>
    </ClCompile>
    <ClCompile Include="src\path_order_key.c">
      <Filter>源文件</Filter>
    </ClCompile>
    <ClCompile Include="src\slot_codec.c">
      <Filter>源文件</Filter>
    </ClCompile>
    <ClCompile Include="src\path_compare.c">
      <Filter>源文件</Filter>
    </ClCompile>
    <ClCompile Include="src\gap.c">
      <Filter>源文件</Filter>
    </ClCompile>
    <ClInclude Include="include\layerkeysort.h">
      <Filter>头文件</Filter>
    </ClInclude>
    <ClInclude Include="src\lks_alloc_internal.h">
      <Filter>头文件</Filter>
    </ClInclude>
    <ClInclude Include="src\lks_path_internal.h">
      <Filter>头文件</Filter>
    </ClInclude>
    <ClInclude Include="src\lks_slot_codec_internal.h">
      <Filter>头文件</Filter>
    </ClInclude>
    <ClInclude Include="src\lks_group_internal.h">
      <Filter>头文件</Filter>
    </ClInclude>
    <ClCompile Include="src\tree.c">
      <Filter>源文件</Filter>
    </ClCompile>
    <ClCompile Include="src\group.c">
      <Filter>源文件</Filter>
    </ClCompile>
    <ClCompile Include="src\sort.c">
      <Filter>源文件</Filter>
    </ClCompile>
    <ClCompile Include="src\bulk.c">
      <Filter>源文件</Filter>
    </ClCompile>
    <ClInclude Include="src\lks_sort_internal.h">
      <Filter>头文件</Filter>
    </ClInclude>
    <ClInclude Include="src\lks_bulk_internal.h">
      <Filter>头文件</Filter>
    </ClInclude>
    <ClInclude Include="src\lks_policy_internal.h">
      <Filter>头文件</Filter>
    </ClInclude>
    <ClCompile Include="tests\property.c">
      <Filter>源文件</Filter>
    </ClCompile>
    <ClCompile Include="tests\mutation.c">
      <Filter>源文件</Filter>
    </ClCompile>
    <ClCompile Include="tests\path_external.c">
      <Filter>源文件</Filter>
    </ClCompile>
    <ClInclude Include="tests\property.h">
      <Filter>头文件</Filter>
    </ClInclude>
    <ClInclude Include="tests\mutation.h">
      <Filter>头文件</Filter>
    </ClInclude>
    <ClInclude Include="tests\path_external.h">
      <Filter>头文件</Filter>
    </ClInclude>
    <ClCompile Include="tests\public_api_usage.c">
      <Filter>源文件</Filter>
    </ClCompile>
    <ClCompile Include="tests\v2_preview.c">
      <Filter>源文件</Filter>
    </ClCompile>
    <ClCompile Include="tests\v3_ordered.c">
      <Filter>源文件</Filter>
    </ClCompile>
    <ClInclude Include="tests\v2_tree_regression_bridge.h">
      <Filter>头文件</Filter>
    </ClInclude>
    <None Include="examples\basic.c">
      <Filter>示例</Filter>
    </None>
    <None Include="examples\layer_list.c">
      <Filter>示例</Filter>
    </None>
    <None Include="tests\soak.c">
      <Filter>源文件</Filter>
    </None>
  </ItemGroup>
</Project>
